// !$*UTF8*$!
{
	archiveVersion = 1;
	classes = {
	};
	objectVersion = 46;
	objects = {

/* Begin PBXBuildFile section */
		7971EF421C5AD85C00249DF8 /* AppDelegate.swift in Sources */ = {isa = PBXBuildFile; fileRef = 7971EF411C5AD85C00249DF8 /* AppDelegate.swift */; };
		7971EF441C5AD85C00249DF8 /* ViewController.swift in Sources */ = {isa = PBXBuildFile; fileRef = 7971EF431C5AD85C00249DF8 /* ViewController.swift */; };
		7971EF471C5AD85C00249DF8 /* Main.storyboard in Resources */ = {isa = PBXBuildFile; fileRef = 7971EF451C5AD85C00249DF8 /* Main.storyboard */; };
		7971EF491C5AD85C00249DF8 /* Assets.xcassets in Resources */ = {isa = PBXBuildFile; fileRef = 7971EF481C5AD85C00249DF8 /* Assets.xcassets */; };
		7971EF4C1C5AD85C00249DF8 /* LaunchScreen.storyboard in Resources */ = {isa = PBXBuildFile; fileRef = 7971EF4A1C5AD85C00249DF8 /* LaunchScreen.storyboard */; };
		7971EF541C5AD87000249DF8 /* MMCircularProgressView.swift in Sources */ = {isa = PBXBuildFile; fileRef = 7971EF531C5AD87000249DF8 /* MMCircularProgressView.swift */; };
/* End PBXBuildFile section */

/* Begin PBXFileReference section */
		7971EF3E1C5AD85C00249DF8 /* MMCircularProgressViewDemo_Swift.app */ = {isa = PBXFileReference; explicitFileType = wrapper.application; includeInIndex = 0; path = MMCircularProgressViewDemo_Swift.app; sourceTree = BUILT_PRODUCTS_DIR; };
		7971EF411C5AD85C00249DF8 /* AppDelegate.swift */ = {isa = PBXFileReference; lastKnownFileType = sourcecode.swift; path = AppDelegate.swift; sourceTree = "<group>"; };
		7971EF431C5AD85C00249DF8 /* ViewController.swift */ = {isa = PBXFileReference; lastKnownFileType = sourcecode.swift; path = ViewController.swift; sourceTree = "<group>"; };
		7971EF461C5AD85C00249DF8 /* Base */ = {isa = PBXFileReference; lastKnownFileType = file.storyboard; name = Base; path = Base.lproj/Main.storyboard; sourceTree = "<group>"; };
		7971EF481C5AD85C00249DF8 /* Assets.xcassets */ = {isa = PBXFileReference; lastKnownFileType = folder.assetcatalog; path = Assets.xcassets; sourceTree = "<group>"; };
		7971EF4B1C5AD85C00249DF8 /* Base */ = {isa = PBXFileReference; lastKnownFileType = file.storyboard; name = Base; path = Base.lproj/LaunchScreen.storyboard; sourceTree = "<group>"; };
		7971EF4D1C5AD85C00249DF8 /* Info.plist */ = {isa = PBXFileReference; lastKnownFileType = text.plist.xml; path = Info.plist; sourceTree = "<group>"; };
		7971EF531C5AD87000249DF8 /* MMCircularProgressView.swift */ = {isa = PBXFileReference; fileEncoding = 4; lastKnownFileType = sourcecode.swift; path = MMCircularProgressView.swift; sourceTree = "<group>"; };
/* End PBXFileReference section */

/* Begin PBXFrameworksBuildPhase section */
		7971EF3B1C5AD85C00249DF8 /* Frameworks */ = {
			isa = PBXFrameworksBuildPhase;
			buildActionMask = 2147483647;
			files = (
			);
			runOnlyForDeploymentPostprocessing = 0;
		};
/* End PBXFrameworksBuildPhase section */

/* Begin PBXGroup section */
		7971EF351C5AD85C00249DF8 = {
			isa = PBXGroup;
			children = (
				7971EF401C5AD85C00249DF8 /* MMCircularProgressViewDemo_Swift */,
				7971EF3F1C5AD85C00249DF8 /* Products */,
			);
			sourceTree = "<group>";
		};
		7971EF3F1C5AD85C00249DF8 /* Products */ = {
			isa = PBXGroup;
			children = (
				7971EF3E1C5AD85C00249DF8 /* MMCircularProgressViewDemo_Swift.app */,
			);
			name = Products;
			sourceTree = "<group>";
		};
		7971EF401C5AD85C00249DF8 /* MMCircularProgressViewDemo_Swift */ = {
			isa = PBXGroup;
			children = (
				7971EF411C5AD85C00249DF8 /* AppDelegate.swift */,
				7971EF431C5AD85C00249DF8 /* ViewController.swift */,
				7971EF531C5AD87000249DF8 /* MMCircularProgressView.swift */,
				7971EF451C5AD85C00249DF8 /* Main.storyboard */,
				7971EF481C5AD85C00249DF8 /* Assets.xcassets */,
				7971EF4A1C5AD85C00249DF8 /* LaunchScreen.storyboard */,
				7971EF4D1C5AD85C00249DF8 /* Info.plist */,
			);
			path = MMCircularProgressViewDemo_Swift;
			sourceTree = "<group>";
		};
/* End PBXGroup section */

/* Begin PBXNativeTarget section */
		7971EF3D1C5AD85C00249DF8 /* MMCircularProgressViewDemo_Swift */ = {
			isa = PBXNativeTarget;
			buildConfigurationList = 7971EF501C5AD85C00249DF8 /* Build configuration list for PBXNativeTarget "MMCircularProgressViewDemo_Swift" */;
			buildPhases = (
				7971EF3A1C5AD85C00249DF8 /* Sources */,
				7971EF3B1C5AD85C00249DF8 /* Frameworks */,
				7971EF3C1C5AD85C00249DF8 /* Resources */,
			);
			buildRules = (
			);
			dependencies = (
			);
			name = MMCircularProgressViewDemo_Swift;
			productName = MMCircularProgressViewDemo_Swift;
			productReference = 7971EF3E1C5AD85C00249DF8 /* MMCircularProgressViewDemo_Swift.app */;
			productType = "com.apple.product-type.application";
		};
/* End PBXNativeTarget section */

/* Begin PBXProject section */
		7971EF361C5AD85C00249DF8 /* Project object */ = {
			isa = PBXProject;
			attributes = {
				LastSwiftUpdateCheck = 0720;
				LastUpgradeCheck = 0720;
				ORGANIZATIONNAME = "White Squadron Ltd";
				TargetAttributes = {
					7971EF3D1C5AD85C00249DF8 = {
						CreatedOnToolsVersion = 7.2;
					};
				};
			};
			buildConfigurationList = 7971EF391C5AD85C00249DF8 /* Build configuration list for PBXProject "MMCircularProgressViewDemo_Swift" */;
			compatibilityVersion = "Xcode 3.2";
			developmentRegion = English;
			hasScannedForEncodings = 0;
			knownRegions = (
				en,
				Base,
			);
			mainGroup = 7971EF351C5AD85C00249DF8;
			productRefGroup = 7971EF3F1C5AD85C00249DF8 /* Products */;
			projectDirPath = "";
			projectRoot = "";
			targets = (
				7971EF3D1C5AD85C00249DF8 /* MMCircularProgressViewDemo_Swift */,
			);
		};
/* End PBXProject section */

/* Begin PBXResourcesBuildPhase section */
		7971EF3C1C5AD85C00249DF8 /* Resources */ = {
			isa = PBXResourcesBuildPhase;
			buildActionMask = 2147483647;
			files = (
				7971EF4C1C5AD85C00249DF8 /* LaunchScreen.storyboard in Resources */,
				7971EF491C5AD85C00249DF8 /* Assets.xcassets in Resources */,
				7971EF471C5AD85C00249DF8 /* Main.storyboard in Resources */,
			);
			runOnlyForDeploymentPostprocessing = 0;
		};
/* End PBXResourcesBuildPhase section */

/* Begin PBXSourcesBuildPhase section */
		7971EF3A1C5AD85C00249DF8 /* Sources */ = {
			isa = PBXSourcesBuildPhase;
			buildActionMask = 2147483647;
			files = (
				7971EF441C5AD85C00249DF8 /* ViewController.swift in Sources */,
				7971EF541C5AD87000249DF8 /* MMCircularProgressView.swift in Sources */,
				7971EF421C5AD85C00249DF8 /* AppDelegate.swift in Sources */,
			);
			runOnlyForDeploymentPostprocessing = 0;
		};
/* End PBXSourcesBuildPhase section */

/* Begin PBXVariantGroup section */
		7971EF451C5AD85C00249DF8 /* Main.storyboard */ = {
			isa = PBXVariantGroup;
			children = (
				7971EF461C5AD85C00249DF8 /* Base */,
			);
			name = Main.storyboard;
			sourceTree = "<group>";
		};
		7971EF4A1C5AD85C00249DF8 /* LaunchScreen.storyboard */ = {
			isa = PBXVariantGroup;
			children = (
				7971EF4B1C5AD85C00249DF8 /* Base */,
			);
			name = LaunchScreen.storyboard;
			sourceTree = "<group>";
		};
/* End PBXVariantGroup section */

/* Begin XCBuildConfiguration section */
		7971EF4E1C5AD85C00249DF8 /* Debug */ = {
			isa = XCBuildConfiguration;
			buildSettings = {
				ALWAYS_SEARCH_USER_PATHS = NO;
				CLANG_CXX_LANGUAGE_STANDARD = "gnu++0x";
				CLANG_CXX_LIBRARY = "libc++";
				CLANG_ENABLE_MODULES = YES;
				CLANG_ENABLE_OBJC_ARC = YES;
				CLANG_WARN_BOOL_CONVERSION = YES;
				CLANG_WARN_CONSTANT_CONVERSION = YES;
				CLANG_WARN_DIRECT_OBJC_ISA_USAGE = YES_ERROR;
				CLANG_WARN_EMPTY_BODY = YES;
				CLANG_WARN_ENUM_CONVERSION = YES;
				CLANG_WARN_INT_CONVERSION = YES;
				CLANG_WARN_OBJC_ROOT_CLASS = YES_ERROR;
				CLANG_WARN_UNREACHABLE_CODE = YES;
				CLANG_WARN__DUPLICATE_METHOD_MATCH = YES;
				"CODE_SIGN_IDENTITY[sdk=iphoneos*]" = "iPhone Developer";
				COPY_PHASE_STRIP = NO;
				DEBUG_INFORMATION_FORMAT = dwarf;
				ENABLE_STRICT_OBJC_MSGSEND = YES;
				ENABLE_TESTABILITY = YES;
				GCC_C_LANGUAGE_STANDARD = gnu99;
				GCC_DYNAMIC_NO_PIC = NO;
				GCC_NO_COMMON_BLOCKS = YES;
				GCC_OPTIMIZATION_LEVEL = 0;
				GCC_PREPROCESSOR_DEFINITIONS = (
					"DEBUG=1",
					"$(inherited)",
				);
				GCC_WARN_64_TO_32_BIT_CONVERSION = YES;
				GCC_WARN_ABOUT_RETURN_TYPE = YES_ERROR;
				GCC_WARN_UNDECLARED_SELECTOR = YES;
				GCC_WARN_UNINITIALIZED_AUTOS = YES_AGGRESSIVE;
				GCC_WARN_UNUSED_FUNCTION = YES;
				GCC_WARN_UNUSED_VARIABLE = YES;
				IPHONEOS_DEPLOYMENT_TARGET = 9.2;
				MTL_ENABLE_DEBUG_INFO = YES;
				ONLY_ACTIVE_ARCH = YES;
				SDKROOT = iphoneos;
				SWIFT_OPTIMIZATION_LEVEL = "-Onone";
			};
			name = Debug;
		};
		7971EF4F1C5AD85C00249DF8 /* Release */ = {
			isa = XCBuildConfiguration;
			buildSettings = {
				ALWAYS_SEARCH_USER_PATHS = NO;
				CLANG_CXX_LANGUAGE_STANDARD = "gnu++0x";
				CLANG_CXX_LIBRARY = "libc++";
				CLANG_ENABLE_MODULES = YES;
				CLANG_ENABLE_OBJC_ARC = YES;
				CLANG_WARN_BOOL_CONVERSION = YES;
				CLANG_WARN_CONSTANT_CONVERSION = YES;
				CLANG_WARN_DIRECT_OBJC_ISA_USAGE = YES_ERROR;
				CLANG_WARN_EMPTY_BODY = YES;
				CLANG_WARN_ENUM_CONVERSION = YES;
				CLANG_WARN_INT_CONVERSION = YES;
				CLANG_WARN_OBJC_ROOT_CLASS = YES_ERROR;
				CLANG_WARN_UNREACHABLE_CODE = YES;
				CLANG_WARN__DUPLICATE_METHOD_MATCH = YES;
				"CODE_SIGN_IDENTITY[sdk=iphoneos*]" = "iPhone Developer";
				COPY_PHASE_STRIP = NO;
				DEBUG_INFORMATION_FORMAT = "dwarf-with-dsym";
				ENABLE_NS_ASSERTIONS = NO;
				ENABLE_STRICT_OBJC_MSGSEND = YES;
				GCC_C_LANGUAGE_STANDARD = gnu99;
				GCC_NO_COMMON_BLOCKS = YES;
				GCC_WARN_64_TO_32_BIT_CONVERSION = YES;
				GCC_WARN_ABOUT_RETURN_TYPE = YES_ERROR;
				GCC_WARN_UNDECLARED_SELECTOR = YES;
				GCC_WARN_UNINITIALIZED_AUTOS = YES_AGGRESSIVE;
				GCC_WARN_UNUSED_FUNCTION = YES;
				GCC_WARN_UNUSED_VARIABLE = YES;
				IPHONEOS_DEPLOYMENT_TARGET = 9.2;
				MTL_ENABLE_DEBUG_INFO = NO;
				SDKROOT = iphoneos;
				VALIDATE_PRODUCT = YES;
			};
			name = Release;
		};
		7971EF511C5AD85C00249DF8 /* Debug */ = {
			isa = XCBuildConfiguration;
			buildSettings = {
				ASSETCATALOG_COMPILER_APPICON_NAME = AppIcon;
				INFOPLIST_FILE = MMCircularProgressViewDemo_Swift/Info.plist;
				LD_RUNPATH_SEARCH_PATHS = "$(inherited) @executable_path/Frameworks";
				PRODUCT_BUNDLE_IDENTIFIER = "uk.co.whitesquadron.MMCircularProgressViewDemo-Swift";
				PRODUCT_NAME = "$(TARGET_NAME)";
			};
			name = Debug;
		};
		7971EF521C5AD85C00249DF8 /* Release */ = {
			isa = XCBuildConfiguration;
			buildSettings = {
				ASSETCATALOG_COMPILER_APPICON_NAME = AppIcon;
				INFOPLIST_FILE = MMCircularProgressViewDemo_Swift/Info.plist;
				LD_RUNPATH_SEARCH_PATHS = "$(inherited) @executable_path/Frameworks";
				PRODUCT_BUNDLE_IDENTIFIER = "uk.co.whitesquadron.MMCircularProgressViewDemo-Swift";
				PRODUCT_NAME = "$(TARGET_NAME)";
			};
			name = Release;
		};
/* End XCBuildConfiguration section */

/* Begin XCConfigurationList section */
		7971EF391C5AD85C00249DF8 /* Build configuration list for PBXProject "MMCircularProgressViewDemo_Swift" */ = {
			isa = XCConfigurationList;
			buildConfigurations = (
				7971EF4E1C5AD85C00249DF8 /* Debug */,
				7971EF4F1C5AD85C00249DF8 /* Release */,
			);
			defaultConfigurationIsVisible = 0;
			defaultConfigurationName = Release;
		};
		7971EF501C5AD85C00249DF8 /* Build configuration list for PBXNativeTarget "MMCircularProgressViewDemo_Swift" */ = {
			isa = XCConfigurationList;
			buildConfigurations = (
				7971EF511C5AD85C00249DF8 /* Debug */,
				7971EF521C5AD85C00249DF8 /* Release */,
			);
			defaultConfigurationIsVisible = 0;
		};
/* End XCConfigurationList section */
	};
	rootObject = 7971EF361C5AD85C00249DF8 /* Project object */;
}
